
Microsoft Visual Studio Solution File, Format Version 12.00
# Visual Studio Version 17
VisualStudioVersion = 17.5.33424.131
MinimumVisualStudioVersion = 10.0.40219.1
Project("{9A19103F-16F7-4668-BE54-9A1E7A4F7556}") = "Entities", "Entities\Entities.csproj", "{ED5EB259-E05E-4915-B949-CC3591D6C813}"
EndProject
Project("{9A19103F-16F7-4668-BE54-9A1E7A4F7556}") = "DataAccess", "DataAccess\DataAccess.csproj", "{49EA6477-67A8-43EF-84F2-7BC8299A2E78}"
EndProject
Project("{9A19103F-16F7-4668-BE54-9A1E7A4F7556}") = "Business", "Business\Business.csproj", "{2BF1BA9A-ADB9-4A1E-9920-8D9A662ABBC7}"
EndProject
Project("{9A19103F-16F7-4668-BE54-9A1E7A4F7556}") = "WebApi", "WebApi\WebApi.csproj", "{957BC924-E93E-45DC-B994-459F99E491B1}"
EndProject
Project("{9A19103F-16F7-4668-BE54-9A1E7A4F7556}") = "Core", "Core\Core.csproj", "{C553EBAD-096E-4CCD-8CD1-91A8C64F268B}"
EndProject
Project("{2150E333-8FDC-42A3-9474-1A3956D46DE8}") = "Solution Items", "Solution Items", "{03E0E140-30D6-458D-8CE9-C43A57962E5A}"
	ProjectSection(SolutionItems) = preProject
		Godofa.sql = Godofa.sql
	EndProjectSection
EndProject
Global
	GlobalSection(SolutionConfigurationPlatforms) = preSolution
		Debug|Any CPU = Debug|Any CPU
		Release|Any CPU = Release|Any CPU
	EndGlobalSection
	GlobalSection(ProjectConfigurationPlatforms) = postSolution
		{ED5EB259-E05E-4915-B949-CC3591D6C813}.Debug|Any CPU.ActiveCfg = Debug|Any CPU
		{ED5EB259-E05E-4915-B949-CC3591D6C813}.Debug|Any CPU.Build.0 = Debug|Any CPU
		{ED5EB259-E05E-4915-B949-CC3591D6C813}.Release|Any CPU.ActiveCfg = Release|Any CPU
		{ED5EB259-E05E-4915-B949-CC3591D6C813}.Release|Any CPU.Build.0 = Release|Any CPU
		{49EA6477-67A8-43EF-84F2-7BC8299A2E78}.Debug|Any CPU.ActiveCfg = Debug|Any CPU
		{49EA6477-67A8-43EF-84F2-7BC8299A2E78}.Debug|Any CPU.Build.0 = Debug|Any CPU
		{49EA6477-67A8-43EF-84F2-7BC8299A2E78}.Release|Any CPU.ActiveCfg = Release|Any CPU
		{49EA6477-67A8-43EF-84F2-7BC8299A2E78}.Release|Any CPU.Build.0 = Release|Any CPU
		{2BF1BA9A-ADB9-4A1E-9920-8D9A662ABBC7}.Debug|Any CPU.ActiveCfg = Debug|Any CPU
		{2BF1BA9A-ADB9-4A1E-9920-8D9A662ABBC7}.Debug|Any CPU.Build.0 = Debug|Any CPU
		{2BF1BA9A-ADB9-4A1E-9920-8D9A662ABBC7}.Release|Any CPU.ActiveCfg = Release|Any CPU
		{2BF1BA9A-ADB9-4A1E-9920-8D9A662ABBC7}.Release|Any CPU.Build.0 = Release|Any CPU
		{957BC924-E93E-45DC-B994-459F99E491B1}.Debug|Any CPU.ActiveCfg = Debug|Any CPU
		{957BC924-E93E-45DC-B994-459F99E491B1}.Debug|Any CPU.Build.0 = Debug|Any CPU
		{957BC924-E93E-45DC-B994-459F99E491B1}.Release|Any CPU.ActiveCfg = Release|Any CPU
		{957BC924-E93E-45DC-B994-459F99E491B1}.Release|Any CPU.Build.0 = Release|Any CPU
		{C553EBAD-096E-4CCD-8CD1-91A8C64F268B}.Debug|Any CPU.ActiveCfg = Debug|Any CPU
		{C553EBAD-096E-4CCD-8CD1-91A8C64F268B}.Debug|Any CPU.Build.0 = Debug|Any CPU
		{C553EBAD-096E-4CCD-8CD1-91A8C64F268B}.Release|Any CPU.ActiveCfg = Release|Any CPU
		{C553EBAD-096E-4CCD-8CD1-91A8C64F268B}.Release|Any CPU.Build.0 = Release|Any CPU
	EndGlobalSection
	GlobalSection(SolutionProperties) = preSolution
		HideSolutionNode = FALSE
	EndGlobalSection
	GlobalSection(ExtensibilityGlobals) = postSolution
		SolutionGuid = {26655401-3F9D-4FF1-847F-5CFCDDE5BBD5}
	EndGlobalSection
EndGlobal
